// !$*UTF8*$!
{
	archiveVersion = 1;
	classes = {
	};
	objectVersion = 56;
	objects = {

/* Begin PBXBuildFile section */
		2C23C35E2BBE783F00EF81F7 /* FirebaseAuth in Frameworks */ = {isa = PBXBuildFile; productRef = 2C23C35D2BBE783F00EF81F7 /* FirebaseAuth */; };
		2C23C3602BBE783F00EF81F7 /* FirebaseFirestore in Frameworks */ = {isa = PBXBuildFile; productRef = 2C23C35F2BBE783F00EF81F7 /* FirebaseFirestore */; };
		2C23C3622BBE783F00EF81F7 /* FirebaseStorage in Frameworks */ = {isa = PBXBuildFile; productRef = 2C23C3612BBE783F00EF81F7 /* FirebaseStorage */; };
		2C2E43422B8FBA5000593DE5 /* AppDelegate.swift in Sources */ = {isa = PBXBuildFile; fileRef = 2C2E43412B8FBA5000593DE5 /* AppDelegate.swift */; };
		2C2E43442B8FBA5000593DE5 /* SceneDelegate.swift in Sources */ = {isa = PBXBuildFile; fileRef = 2C2E43432B8FBA5000593DE5 /* SceneDelegate.swift */; };
		2C2E43492B8FBA5000593DE5 /* Main.storyboard in Resources */ = {isa = PBXBuildFile; fileRef = 2C2E43472B8FBA5000593DE5 /* Main.storyboard */; };
		2C2E434B2B8FBA5200593DE5 /* Assets.xcassets in Resources */ = {isa = PBXBuildFile; fileRef = 2C2E434A2B8FBA5200593DE5 /* Assets.xcassets */; };
		2C2E434E2B8FBA5200593DE5 /* LaunchScreen.storyboard in Resources */ = {isa = PBXBuildFile; fileRef = 2C2E434C2B8FBA5200593DE5 /* LaunchScreen.storyboard */; };
		2C2FF32C2BBE3E5A00B46650 /* Trip.swift in Sources */ = {isa = PBXBuildFile; fileRef = 2C2FF32B2BBE3E5A00B46650 /* Trip.swift */; };
		2C2FF32E2BBE3F5D00B46650 /* Day.swift in Sources */ = {isa = PBXBuildFile; fileRef = 2C2FF32D2BBE3F5D00B46650 /* Day.swift */; };
		2C2FF3302BBE3F6C00B46650 /* Event.swift in Sources */ = {isa = PBXBuildFile; fileRef = 2C2FF32F2BBE3F6C00B46650 /* Event.swift */; };
		2C9218762BA79B76004439B7 /* NewTripViewController.swift in Sources */ = {isa = PBXBuildFile; fileRef = 2C9218752BA79B76004439B7 /* NewTripViewController.swift */; };
		39422C432BC4B82500128FD7 /* GoogleMaps in Frameworks */ = {isa = PBXBuildFile; productRef = 39422C422BC4B82500128FD7 /* GoogleMaps */; };
		39422C452BC4B82500128FD7 /* GoogleMapsBase in Frameworks */ = {isa = PBXBuildFile; productRef = 39422C442BC4B82500128FD7 /* GoogleMapsBase */; };
		39422C472BC4B82500128FD7 /* GoogleMapsCore in Frameworks */ = {isa = PBXBuildFile; productRef = 39422C462BC4B82500128FD7 /* GoogleMapsCore */; };
		398A282E2BC384870093255C /* UserProfile.swift in Sources */ = {isa = PBXBuildFile; fileRef = 398A282D2BC384870093255C /* UserProfile.swift */; };
		398A28522BC4AD700093255C /* GlobalMapViewController.swift in Sources */ = {isa = PBXBuildFile; fileRef = 398A28512BC4AD700093255C /* GlobalMapViewController.swift */; };
		39C649B82BDC826F00F115A2 /* TripInfoCell.swift in Sources */ = {isa = PBXBuildFile; fileRef = 39C649B72BDC826F00F115A2 /* TripInfoCell.swift */; };
		39F196E42BC4CC6E00BD1ED7 /* GooglePlaces in Frameworks */ = {isa = PBXBuildFile; productRef = 39F196E32BC4CC6E00BD1ED7 /* GooglePlaces */; };
		39F196EA2BC4F7C100BD1ED7 /* NotificationService.swift in Sources */ = {isa = PBXBuildFile; fileRef = 39F196E92BC4F7C100BD1ED7 /* NotificationService.swift */; };
		39FBE6DE2BA91D4400F6B1F8 /* HomeScreenViewController.swift in Sources */ = {isa = PBXBuildFile; fileRef = 39FBE6DD2BA91D4400F6B1F8 /* HomeScreenViewController.swift */; };
		3D0ECFFB2BC2333100B230B3 /* GenerativeAI-Info.plist in Resources */ = {isa = PBXBuildFile; fileRef = 3D0ECFFA2BC2333100B230B3 /* GenerativeAI-Info.plist */; };
		3D0EFBA52BB8EBC800C42F8F /* GoogleService-Info.plist in Resources */ = {isa = PBXBuildFile; fileRef = 3D0EFBA42BB8EBC700C42F8F /* GoogleService-Info.plist */; };
		3D0EFBA72BB8EC2100C42F8F /* SignInViewController.swift in Sources */ = {isa = PBXBuildFile; fileRef = 3D0EFBA62BB8EC2100C42F8F /* SignInViewController.swift */; };
		3D0EFBA92BB8EC2D00C42F8F /* SignUpViewController.swift in Sources */ = {isa = PBXBuildFile; fileRef = 3D0EFBA82BB8EC2D00C42F8F /* SignUpViewController.swift */; };
		3D5827072BBFD050001CB2E0 /* WelcomeViewController.swift in Sources */ = {isa = PBXBuildFile; fileRef = 3D5827062BBFD050001CB2E0 /* WelcomeViewController.swift */; };
		3D80D23F2BB5202600228CE3 /* SettingsViewController.swift in Sources */ = {isa = PBXBuildFile; fileRef = 3D80D23E2BB5202600228CE3 /* SettingsViewController.swift */; };
		3DA7F0962BD06AC000A951BD /* EventDetailViewController.swift in Sources */ = {isa = PBXBuildFile; fileRef = 3DA7F0952BD06AC000A951BD /* EventDetailViewController.swift */; };
		3DBAE0FA2BC5CD7800AE0961 /* GenerativeAI.swift in Sources */ = {isa = PBXBuildFile; fileRef = 3DBAE0F92BC5CD7700AE0961 /* GenerativeAI.swift */; };
		3DFF7E932B96A934005C66B9 /* ItineraryViewController.swift in Sources */ = {isa = PBXBuildFile; fileRef = 3DFF7E922B96A934005C66B9 /* ItineraryViewController.swift */; };
		3DFF7E9B2B96B7B5005C66B9 /* ItineraryTableViewCell.swift in Sources */ = {isa = PBXBuildFile; fileRef = 3DFF7E9A2B96B7B5005C66B9 /* ItineraryTableViewCell.swift */; };
		3DFF7E9D2B97B4FB005C66B9 /* ItinerarySectionHeaderTableViewCell.swift in Sources */ = {isa = PBXBuildFile; fileRef = 3DFF7E9C2B97B4FB005C66B9 /* ItinerarySectionHeaderTableViewCell.swift */; };
		3DFF7EC32B990C5C005C66B9 /* EditEventViewController.swift in Sources */ = {isa = PBXBuildFile; fileRef = 3DFF7EC22B990C5C005C66B9 /* EditEventViewController.swift */; };
		3DFF7EC72B993C72005C66B9 /* ItineraryHeaderView.swift in Sources */ = {isa = PBXBuildFile; fileRef = 3DFF7EC62B993C72005C66B9 /* ItineraryHeaderView.swift */; };
		3DFF7EC92B993DBF005C66B9 /* EditItineraryViewController.swift in Sources */ = {isa = PBXBuildFile; fileRef = 3DFF7EC82B993DBF005C66B9 /* EditItineraryViewController.swift */; };
		3DFFA3982BC23409005ADE5D /* ChatViewController.swift in Sources */ = {isa = PBXBuildFile; fileRef = 3DFFA3972BC23409005ADE5D /* ChatViewController.swift */; };
		3DFFA39B2BC23939005ADE5D /* GoogleGenerativeAI in Frameworks */ = {isa = PBXBuildFile; productRef = 3DFFA39A2BC23939005ADE5D /* GoogleGenerativeAI */; };
/* End PBXBuildFile section */

/* Begin PBXFileReference section */
		2C2E433E2B8FBA5000593DE5 /* WanderWise.app */ = {isa = PBXFileReference; explicitFileType = wrapper.application; includeInIndex = 0; path = WanderWise.app; sourceTree = BUILT_PRODUCTS_DIR; };
		2C2E43412B8FBA5000593DE5 /* AppDelegate.swift */ = {isa = PBXFileReference; lastKnownFileType = sourcecode.swift; path = AppDelegate.swift; sourceTree = "<group>"; };
		2C2E43432B8FBA5000593DE5 /* SceneDelegate.swift */ = {isa = PBXFileReference; lastKnownFileType = sourcecode.swift; path = SceneDelegate.swift; sourceTree = "<group>"; };
		2C2E43482B8FBA5000593DE5 /* Base */ = {isa = PBXFileReference; lastKnownFileType = file.storyboard; name = Base; path = Base.lproj/Main.storyboard; sourceTree = "<group>"; };
		2C2E434A2B8FBA5200593DE5 /* Assets.xcassets */ = {isa = PBXFileReference; lastKnownFileType = folder.assetcatalog; path = Assets.xcassets; sourceTree = "<group>"; };
		2C2E434D2B8FBA5200593DE5 /* Base */ = {isa = PBXFileReference; lastKnownFileType = file.storyboard; name = Base; path = Base.lproj/LaunchScreen.storyboard; sourceTree = "<group>"; };
		2C2E434F2B8FBA5200593DE5 /* Info.plist */ = {isa = PBXFileReference; lastKnownFileType = text.plist.xml; path = Info.plist; sourceTree = "<group>"; };
		2C2FF32B2BBE3E5A00B46650 /* Trip.swift */ = {isa = PBXFileReference; lastKnownFileType = sourcecode.swift; path = Trip.swift; sourceTree = "<group>"; };
		2C2FF32D2BBE3F5D00B46650 /* Day.swift */ = {isa = PBXFileReference; lastKnownFileType = sourcecode.swift; path = Day.swift; sourceTree = "<group>"; };
		2C2FF32F2BBE3F6C00B46650 /* Event.swift */ = {isa = PBXFileReference; lastKnownFileType = sourcecode.swift; path = Event.swift; sourceTree = "<group>"; };
		2C9218752BA79B76004439B7 /* NewTripViewController.swift */ = {isa = PBXFileReference; lastKnownFileType = sourcecode.swift; path = NewTripViewController.swift; sourceTree = "<group>"; };
		398A282D2BC384870093255C /* UserProfile.swift */ = {isa = PBXFileReference; lastKnownFileType = sourcecode.swift; path = UserProfile.swift; sourceTree = "<group>"; };
		398A28512BC4AD700093255C /* GlobalMapViewController.swift */ = {isa = PBXFileReference; lastKnownFileType = sourcecode.swift; name = GlobalMapViewController.swift; path = WanderWise/Core/Maps/GlobalMapViewController.swift; sourceTree = SOURCE_ROOT; };
		39C649B72BDC826F00F115A2 /* TripInfoCell.swift */ = {isa = PBXFileReference; lastKnownFileType = sourcecode.swift; path = TripInfoCell.swift; sourceTree = "<group>"; };
		39F196E92BC4F7C100BD1ED7 /* NotificationService.swift */ = {isa = PBXFileReference; lastKnownFileType = sourcecode.swift; path = NotificationService.swift; sourceTree = "<group>"; };
		39FBE6DD2BA91D4400F6B1F8 /* HomeScreenViewController.swift */ = {isa = PBXFileReference; lastKnownFileType = sourcecode.swift; path = HomeScreenViewController.swift; sourceTree = "<group>"; };
		3D0ECFFA2BC2333100B230B3 /* GenerativeAI-Info.plist */ = {isa = PBXFileReference; lastKnownFileType = text.plist.xml; path = "GenerativeAI-Info.plist"; sourceTree = "<group>"; };
		3D0EFBA42BB8EBC700C42F8F /* GoogleService-Info.plist */ = {isa = PBXFileReference; fileEncoding = 4; lastKnownFileType = text.plist.xml; path = "GoogleService-Info.plist"; sourceTree = "<group>"; };
		3D0EFBA62BB8EC2100C42F8F /* SignInViewController.swift */ = {isa = PBXFileReference; fileEncoding = 4; lastKnownFileType = sourcecode.swift; path = SignInViewController.swift; sourceTree = "<group>"; };
		3D0EFBA82BB8EC2D00C42F8F /* SignUpViewController.swift */ = {isa = PBXFileReference; fileEncoding = 4; lastKnownFileType = sourcecode.swift; path = SignUpViewController.swift; sourceTree = "<group>"; };
		3D5827062BBFD050001CB2E0 /* WelcomeViewController.swift */ = {isa = PBXFileReference; lastKnownFileType = sourcecode.swift; path = WelcomeViewController.swift; sourceTree = "<group>"; };
		3D80D23E2BB5202600228CE3 /* SettingsViewController.swift */ = {isa = PBXFileReference; lastKnownFileType = sourcecode.swift; path = SettingsViewController.swift; sourceTree = "<group>"; };
		3DA7F0952BD06AC000A951BD /* EventDetailViewController.swift */ = {isa = PBXFileReference; lastKnownFileType = sourcecode.swift; path = EventDetailViewController.swift; sourceTree = "<group>"; };
		3DBAE0F92BC5CD7700AE0961 /* GenerativeAI.swift */ = {isa = PBXFileReference; lastKnownFileType = sourcecode.swift; path = GenerativeAI.swift; sourceTree = "<group>"; };
		3DFF7E922B96A934005C66B9 /* ItineraryViewController.swift */ = {isa = PBXFileReference; lastKnownFileType = sourcecode.swift; path = ItineraryViewController.swift; sourceTree = "<group>"; };
		3DFF7E9A2B96B7B5005C66B9 /* ItineraryTableViewCell.swift */ = {isa = PBXFileReference; lastKnownFileType = sourcecode.swift; path = ItineraryTableViewCell.swift; sourceTree = "<group>"; };
		3DFF7E9C2B97B4FB005C66B9 /* ItinerarySectionHeaderTableViewCell.swift */ = {isa = PBXFileReference; lastKnownFileType = sourcecode.swift; path = ItinerarySectionHeaderTableViewCell.swift; sourceTree = "<group>"; };
		3DFF7EC22B990C5C005C66B9 /* EditEventViewController.swift */ = {isa = PBXFileReference; lastKnownFileType = sourcecode.swift; path = EditEventViewController.swift; sourceTree = "<group>"; };
		3DFF7EC62B993C72005C66B9 /* ItineraryHeaderView.swift */ = {isa = PBXFileReference; lastKnownFileType = sourcecode.swift; path = ItineraryHeaderView.swift; sourceTree = "<group>"; };
		3DFF7EC82B993DBF005C66B9 /* EditItineraryViewController.swift */ = {isa = PBXFileReference; lastKnownFileType = sourcecode.swift; path = EditItineraryViewController.swift; sourceTree = "<group>"; };
		3DFFA3972BC23409005ADE5D /* ChatViewController.swift */ = {isa = PBXFileReference; lastKnownFileType = sourcecode.swift; path = ChatViewController.swift; sourceTree = "<group>"; };
/* End PBXFileReference section */

/* Begin PBXFrameworksBuildPhase section */
		2C2E433B2B8FBA5000593DE5 /* Frameworks */ = {
			isa = PBXFrameworksBuildPhase;
			buildActionMask = 2147483647;
			files = (
				2C23C35E2BBE783F00EF81F7 /* FirebaseAuth in Frameworks */,
				39F196E42BC4CC6E00BD1ED7 /* GooglePlaces in Frameworks */,
				39422C452BC4B82500128FD7 /* GoogleMapsBase in Frameworks */,
				2C23C3602BBE783F00EF81F7 /* FirebaseFirestore in Frameworks */,
				39422C432BC4B82500128FD7 /* GoogleMaps in Frameworks */,
				2C23C3622BBE783F00EF81F7 /* FirebaseStorage in Frameworks */,
				39422C472BC4B82500128FD7 /* GoogleMapsCore in Frameworks */,
				3DFFA39B2BC23939005ADE5D /* GoogleGenerativeAI in Frameworks */,
			);
			runOnlyForDeploymentPostprocessing = 0;
		};
/* End PBXFrameworksBuildPhase section */

/* Begin PBXGroup section */
		2C23C35A2BBE417B00EF81F7 /* User */ = {
			isa = PBXGroup;
			children = (
				3D0EFBA62BB8EC2100C42F8F /* SignInViewController.swift */,
				3D0EFBA82BB8EC2D00C42F8F /* SignUpViewController.swift */,
				3D80D23E2BB5202600228CE3 /* SettingsViewController.swift */,
				3D5827062BBFD050001CB2E0 /* WelcomeViewController.swift */,
				39F196E92BC4F7C100BD1ED7 /* NotificationService.swift */,
			);
			path = User;
			sourceTree = "<group>";
		};
		2C23C35B2BBE418F00EF81F7 /* Home */ = {
			isa = PBXGroup;
			children = (
				39FBE6DD2BA91D4400F6B1F8 /* HomeScreenViewController.swift */,
				39C649B72BDC826F00F115A2 /* TripInfoCell.swift */,
			);
			path = Home;
			sourceTree = "<group>";
		};
		2C2E43352B8FBA5000593DE5 = {
			isa = PBXGroup;
			children = (
				2C2E43402B8FBA5000593DE5 /* WanderWise */,
				2C2E433F2B8FBA5000593DE5 /* Products */,
			);
			sourceTree = "<group>";
		};
		2C2E433F2B8FBA5000593DE5 /* Products */ = {
			isa = PBXGroup;
			children = (
				2C2E433E2B8FBA5000593DE5 /* WanderWise.app */,
			);
			name = Products;
			sourceTree = "<group>";
		};
		2C2E43402B8FBA5000593DE5 /* WanderWise */ = {
			isa = PBXGroup;
			children = (
				2C2E434A2B8FBA5200593DE5 /* Assets.xcassets */,
				3DEFFD742BC246E700DE0DE5 /* Chat */,
				2C2FF3312BBE415200B46650 /* Core */,
				3D0ECFFA2BC2333100B230B3 /* GenerativeAI-Info.plist */,
				3D0EFBA42BB8EBC700C42F8F /* GoogleService-Info.plist */,
				2C23C35B2BBE418F00EF81F7 /* Home */,
				2C2E434F2B8FBA5200593DE5 /* Info.plist */,
				3DFF7E9E2B982BAC005C66B9 /* Itinerary */,
				398A28532BC4ADB30093255C /* Maps */,
				2C2FF32A2BBE3E4900B46650 /* Models */,
				2C9218742BA79B4E004439B7 /* NewTrip */,
				2C23C35A2BBE417B00EF81F7 /* User */,
			);
			path = WanderWise;
			sourceTree = "<group>";
		};
		2C2FF32A2BBE3E4900B46650 /* Models */ = {
			isa = PBXGroup;
			children = (
				2C2FF32B2BBE3E5A00B46650 /* Trip.swift */,
				2C2FF32D2BBE3F5D00B46650 /* Day.swift */,
				2C2FF32F2BBE3F6C00B46650 /* Event.swift */,
				398A282D2BC384870093255C /* UserProfile.swift */,
			);
			path = Models;
			sourceTree = "<group>";
		};
		2C2FF3312BBE415200B46650 /* Core */ = {
			isa = PBXGroup;
			children = (
				2C2E43412B8FBA5000593DE5 /* AppDelegate.swift */,
				2C2E43432B8FBA5000593DE5 /* SceneDelegate.swift */,
				2C2E43472B8FBA5000593DE5 /* Main.storyboard */,
				2C2E434C2B8FBA5200593DE5 /* LaunchScreen.storyboard */,
			);
			path = Core;
			sourceTree = "<group>";
		};
		2C9218742BA79B4E004439B7 /* NewTrip */ = {
			isa = PBXGroup;
			children = (
				2C9218752BA79B76004439B7 /* NewTripViewController.swift */,
			);
			path = NewTrip;
			sourceTree = "<group>";
		};
		398A28532BC4ADB30093255C /* Maps */ = {
			isa = PBXGroup;
			children = (
				398A28512BC4AD700093255C /* GlobalMapViewController.swift */,
			);
			name = Maps;
			path = Core/Maps;
			sourceTree = "<group>";
		};
		3DEFFD742BC246E700DE0DE5 /* Chat */ = {
			isa = PBXGroup;
			children = (
				3DFFA3972BC23409005ADE5D /* ChatViewController.swift */,
				3DBAE0F92BC5CD7700AE0961 /* GenerativeAI.swift */,
			);
			path = Chat;
			sourceTree = "<group>";
		};
		3DFF7E9E2B982BAC005C66B9 /* Itinerary */ = {
			isa = PBXGroup;
			children = (
				3DA7F0952BD06AC000A951BD /* EventDetailViewController.swift */,
				3DFF7E922B96A934005C66B9 /* ItineraryViewController.swift */,
				3DFF7E9C2B97B4FB005C66B9 /* ItinerarySectionHeaderTableViewCell.swift */,
				3DFF7E9A2B96B7B5005C66B9 /* ItineraryTableViewCell.swift */,
				3DFF7EC22B990C5C005C66B9 /* EditEventViewController.swift */,
				3DFF7EC62B993C72005C66B9 /* ItineraryHeaderView.swift */,
				3DFF7EC82B993DBF005C66B9 /* EditItineraryViewController.swift */,
			);
			path = Itinerary;
			sourceTree = "<group>";
		};
/* End PBXGroup section */

/* Begin PBXNativeTarget section */
		2C2E433D2B8FBA5000593DE5 /* WanderWise */ = {
			isa = PBXNativeTarget;
			buildConfigurationList = 2C2E43522B8FBA5200593DE5 /* Build configuration list for PBXNativeTarget "WanderWise" */;
			buildPhases = (
				2C2E433A2B8FBA5000593DE5 /* Sources */,
				2C2E433B2B8FBA5000593DE5 /* Frameworks */,
				2C2E433C2B8FBA5000593DE5 /* Resources */,
			);
			buildRules = (
			);
			dependencies = (
			);
			name = WanderWise;
			packageProductDependencies = (
				2C23C35D2BBE783F00EF81F7 /* FirebaseAuth */,
				2C23C35F2BBE783F00EF81F7 /* FirebaseFirestore */,
				2C23C3612BBE783F00EF81F7 /* FirebaseStorage */,
				3DFFA39A2BC23939005ADE5D /* GoogleGenerativeAI */,
				39422C422BC4B82500128FD7 /* GoogleMaps */,
				39422C442BC4B82500128FD7 /* GoogleMapsBase */,
				39422C462BC4B82500128FD7 /* GoogleMapsCore */,
				39F196E32BC4CC6E00BD1ED7 /* GooglePlaces */,
			);
			productName = WanderWise;
			productReference = 2C2E433E2B8FBA5000593DE5 /* WanderWise.app */;
			productType = "com.apple.product-type.application";
		};
/* End PBXNativeTarget section */

/* Begin PBXProject section */
		2C2E43362B8FBA5000593DE5 /* Project object */ = {
			isa = PBXProject;
			attributes = {
				BuildIndependentTargetsInParallel = 1;
				LastSwiftUpdateCheck = 1520;
				LastUpgradeCheck = 1520;
				TargetAttributes = {
					2C2E433D2B8FBA5000593DE5 = {
						CreatedOnToolsVersion = 15.2;
					};
				};
			};
			buildConfigurationList = 2C2E43392B8FBA5000593DE5 /* Build configuration list for PBXProject "WanderWise" */;
			compatibilityVersion = "Xcode 14.0";
			developmentRegion = en;
			hasScannedForEncodings = 0;
			knownRegions = (
				en,
				Base,
			);
			mainGroup = 2C2E43352B8FBA5000593DE5;
			packageReferences = (
				2C23C35C2BBE783F00EF81F7 /* XCRemoteSwiftPackageReference "firebase-ios-sdk" */,
				3DFFA3992BC23938005ADE5D /* XCRemoteSwiftPackageReference "generative-ai-swift" */,
				39422C412BC4B82500128FD7 /* XCRemoteSwiftPackageReference "ios-maps-sdk" */,
				39F196E22BC4CC6E00BD1ED7 /* XCRemoteSwiftPackageReference "ios-places-sdk" */,
			);
			productRefGroup = 2C2E433F2B8FBA5000593DE5 /* Products */;
			projectDirPath = "";
			projectRoot = "";
			targets = (
				2C2E433D2B8FBA5000593DE5 /* WanderWise */,
			);
		};
/* End PBXProject section */

/* Begin PBXResourcesBuildPhase section */
		2C2E433C2B8FBA5000593DE5 /* Resources */ = {
			isa = PBXResourcesBuildPhase;
			buildActionMask = 2147483647;
			files = (
				2C2E434E2B8FBA5200593DE5 /* LaunchScreen.storyboard in Resources */,
				3D0ECFFB2BC2333100B230B3 /* GenerativeAI-Info.plist in Resources */,
				3D0EFBA52BB8EBC800C42F8F /* GoogleService-Info.plist in Resources */,
				2C2E434B2B8FBA5200593DE5 /* Assets.xcassets in Resources */,
				2C2E43492B8FBA5000593DE5 /* Main.storyboard in Resources */,
			);
			runOnlyForDeploymentPostprocessing = 0;
		};
/* End PBXResourcesBuildPhase section */

/* Begin PBXSourcesBuildPhase section */
		2C2E433A2B8FBA5000593DE5 /* Sources */ = {
			isa = PBXSourcesBuildPhase;
			buildActionMask = 2147483647;
			files = (
				3DFF7E9B2B96B7B5005C66B9 /* ItineraryTableViewCell.swift in Sources */,
				3DBAE0FA2BC5CD7800AE0961 /* GenerativeAI.swift in Sources */,
				3DFF7EC72B993C72005C66B9 /* ItineraryHeaderView.swift in Sources */,
				398A28522BC4AD700093255C /* GlobalMapViewController.swift in Sources */,
				398A282E2BC384870093255C /* UserProfile.swift in Sources */,
				2C2FF32E2BBE3F5D00B46650 /* Day.swift in Sources */,
				39C649B82BDC826F00F115A2 /* TripInfoCell.swift in Sources */,
				3DA7F0962BD06AC000A951BD /* EventDetailViewController.swift in Sources */,
				3D0EFBA92BB8EC2D00C42F8F /* SignUpViewController.swift in Sources */,
				3DFF7EC32B990C5C005C66B9 /* EditEventViewController.swift in Sources */,
				3D5827072BBFD050001CB2E0 /* WelcomeViewController.swift in Sources */,
				2C2E43422B8FBA5000593DE5 /* AppDelegate.swift in Sources */,
				3D80D23F2BB5202600228CE3 /* SettingsViewController.swift in Sources */,
				2C2FF3302BBE3F6C00B46650 /* Event.swift in Sources */,
				39F196EA2BC4F7C100BD1ED7 /* NotificationService.swift in Sources */,
				2C9218762BA79B76004439B7 /* NewTripViewController.swift in Sources */,
				3DFF7EC92B993DBF005C66B9 /* EditItineraryViewController.swift in Sources */,
				3DFFA3982BC23409005ADE5D /* ChatViewController.swift in Sources */,
				2C2FF32C2BBE3E5A00B46650 /* Trip.swift in Sources */,
				3DFF7E9D2B97B4FB005C66B9 /* ItinerarySectionHeaderTableViewCell.swift in Sources */,
				3D0EFBA72BB8EC2100C42F8F /* SignInViewController.swift in Sources */,
				3DFF7E932B96A934005C66B9 /* ItineraryViewController.swift in Sources */,
				2C2E43442B8FBA5000593DE5 /* SceneDelegate.swift in Sources */,
				39FBE6DE2BA91D4400F6B1F8 /* HomeScreenViewController.swift in Sources */,
			);
			runOnlyForDeploymentPostprocessing = 0;
		};
/* End PBXSourcesBuildPhase section */

/* Begin PBXVariantGroup section */
		2C2E43472B8FBA5000593DE5 /* Main.storyboard */ = {
			isa = PBXVariantGroup;
			children = (
				2C2E43482B8FBA5000593DE5 /* Base */,
			);
			name = Main.storyboard;
			sourceTree = "<group>";
		};
		2C2E434C2B8FBA5200593DE5 /* LaunchScreen.storyboard */ = {
			isa = PBXVariantGroup;
			children = (
				2C2E434D2B8FBA5200593DE5 /* Base */,
			);
			name = LaunchScreen.storyboard;
			sourceTree = "<group>";
		};
/* End PBXVariantGroup section */

/* Begin XCBuildConfiguration section */
		2C2E43502B8FBA5200593DE5 /* Debug */ = {
			isa = XCBuildConfiguration;
			buildSettings = {
				ALWAYS_SEARCH_USER_PATHS = NO;
				ASSETCATALOG_COMPILER_GENERATE_SWIFT_ASSET_SYMBOL_EXTENSIONS = YES;
				CLANG_ANALYZER_NONNULL = YES;
				CLANG_ANALYZER_NUMBER_OBJECT_CONVERSION = YES_AGGRESSIVE;
				CLANG_CXX_LANGUAGE_STANDARD = "gnu++20";
				CLANG_ENABLE_MODULES = YES;
				CLANG_ENABLE_OBJC_ARC = YES;
				CLANG_ENABLE_OBJC_WEAK = YES;
				CLANG_WARN_BLOCK_CAPTURE_AUTORELEASING = YES;
				CLANG_WARN_BOOL_CONVERSION = YES;
				CLANG_WARN_COMMA = YES;
				CLANG_WARN_CONSTANT_CONVERSION = YES;
				CLANG_WARN_DEPRECATED_OBJC_IMPLEMENTATIONS = YES;
				CLANG_WARN_DIRECT_OBJC_ISA_USAGE = YES_ERROR;
				CLANG_WARN_DOCUMENTATION_COMMENTS = YES;
				CLANG_WARN_EMPTY_BODY = YES;
				CLANG_WARN_ENUM_CONVERSION = YES;
				CLANG_WARN_INFINITE_RECURSION = YES;
				CLANG_WARN_INT_CONVERSION = YES;
				CLANG_WARN_NON_LITERAL_NULL_CONVERSION = YES;
				CLANG_WARN_OBJC_IMPLICIT_RETAIN_SELF = YES;
				CLANG_WARN_OBJC_LITERAL_CONVERSION = YES;
				CLANG_WARN_OBJC_ROOT_CLASS = YES_ERROR;
				CLANG_WARN_QUOTED_INCLUDE_IN_FRAMEWORK_HEADER = YES;
				CLANG_WARN_RANGE_LOOP_ANALYSIS = YES;
				CLANG_WARN_STRICT_PROTOTYPES = YES;
				CLANG_WARN_SUSPICIOUS_MOVE = YES;
				CLANG_WARN_UNGUARDED_AVAILABILITY = YES_AGGRESSIVE;
				CLANG_WARN_UNREACHABLE_CODE = YES;
				CLANG_WARN__DUPLICATE_METHOD_MATCH = YES;
				COPY_PHASE_STRIP = NO;
				DEBUG_INFORMATION_FORMAT = dwarf;
				ENABLE_STRICT_OBJC_MSGSEND = YES;
				ENABLE_TESTABILITY = YES;
				ENABLE_USER_SCRIPT_SANDBOXING = YES;
				GCC_C_LANGUAGE_STANDARD = gnu17;
				GCC_DYNAMIC_NO_PIC = NO;
				GCC_NO_COMMON_BLOCKS = YES;
				GCC_OPTIMIZATION_LEVEL = 0;
				GCC_PREPROCESSOR_DEFINITIONS = (
					"DEBUG=1",
					"$(inherited)",
				);
				GCC_WARN_64_TO_32_BIT_CONVERSION = YES;
				GCC_WARN_ABOUT_RETURN_TYPE = YES_ERROR;
				GCC_WARN_UNDECLARED_SELECTOR = YES;
				GCC_WARN_UNINITIALIZED_AUTOS = YES_AGGRESSIVE;
				GCC_WARN_UNUSED_FUNCTION = YES;
				GCC_WARN_UNUSED_VARIABLE = YES;
				IPHONEOS_DEPLOYMENT_TARGET = 17.2;
				LOCALIZATION_PREFERS_STRING_CATALOGS = YES;
				MTL_ENABLE_DEBUG_INFO = INCLUDE_SOURCE;
				MTL_FAST_MATH = YES;
				ONLY_ACTIVE_ARCH = YES;
				SDKROOT = iphoneos;
				SWIFT_ACTIVE_COMPILATION_CONDITIONS = "DEBUG $(inherited)";
				SWIFT_OPTIMIZATION_LEVEL = "-Onone";
			};
			name = Debug;
		};
		2C2E43512B8FBA5200593DE5 /* Release */ = {
			isa = XCBuildConfiguration;
			buildSettings = {
				ALWAYS_SEARCH_USER_PATHS = NO;
				ASSETCATALOG_COMPILER_GENERATE_SWIFT_ASSET_SYMBOL_EXTENSIONS = YES;
				CLANG_ANALYZER_NONNULL = YES;
				CLANG_ANALYZER_NUMBER_OBJECT_CONVERSION = YES_AGGRESSIVE;
				CLANG_CXX_LANGUAGE_STANDARD = "gnu++20";
				CLANG_ENABLE_MODULES = YES;
				CLANG_ENABLE_OBJC_ARC = YES;
				CLANG_ENABLE_OBJC_WEAK = YES;
				CLANG_WARN_BLOCK_CAPTURE_AUTORELEASING = YES;
				CLANG_WARN_BOOL_CONVERSION = YES;
				CLANG_WARN_COMMA = YES;
				CLANG_WARN_CONSTANT_CONVERSION = YES;
				CLANG_WARN_DEPRECATED_OBJC_IMPLEMENTATIONS = YES;
				CLANG_WARN_DIRECT_OBJC_ISA_USAGE = YES_ERROR;
				CLANG_WARN_DOCUMENTATION_COMMENTS = YES;
				CLANG_WARN_EMPTY_BODY = YES;
				CLANG_WARN_ENUM_CONVERSION = YES;
				CLANG_WARN_INFINITE_RECURSION = YES;
				CLANG_WARN_INT_CONVERSION = YES;
				CLANG_WARN_NON_LITERAL_NULL_CONVERSION = YES;
				CLANG_WARN_OBJC_IMPLICIT_RETAIN_SELF = YES;
				CLANG_WARN_OBJC_LITERAL_CONVERSION = YES;
				CLANG_WARN_OBJC_ROOT_CLASS = YES_ERROR;
				CLANG_WARN_QUOTED_INCLUDE_IN_FRAMEWORK_HEADER = YES;
				CLANG_WARN_RANGE_LOOP_ANALYSIS = YES;
				CLANG_WARN_STRICT_PROTOTYPES = YES;
				CLANG_WARN_SUSPICIOUS_MOVE = YES;
				CLANG_WARN_UNGUARDED_AVAILABILITY = YES_AGGRESSIVE;
				CLANG_WARN_UNREACHABLE_CODE = YES;
				CLANG_WARN__DUPLICATE_METHOD_MATCH = YES;
				COPY_PHASE_STRIP = NO;
				DEBUG_INFORMATION_FORMAT = "dwarf-with-dsym";
				ENABLE_NS_ASSERTIONS = NO;
				ENABLE_STRICT_OBJC_MSGSEND = YES;
				ENABLE_USER_SCRIPT_SANDBOXING = YES;
				GCC_C_LANGUAGE_STANDARD = gnu17;
				GCC_NO_COMMON_BLOCKS = YES;
				GCC_WARN_64_TO_32_BIT_CONVERSION = YES;
				GCC_WARN_ABOUT_RETURN_TYPE = YES_ERROR;
				GCC_WARN_UNDECLARED_SELECTOR = YES;
				GCC_WARN_UNINITIALIZED_AUTOS = YES_AGGRESSIVE;
				GCC_WARN_UNUSED_FUNCTION = YES;
				GCC_WARN_UNUSED_VARIABLE = YES;
				IPHONEOS_DEPLOYMENT_TARGET = 17.2;
				LOCALIZATION_PREFERS_STRING_CATALOGS = YES;
				MTL_ENABLE_DEBUG_INFO = NO;
				MTL_FAST_MATH = YES;
				SDKROOT = iphoneos;
				SWIFT_COMPILATION_MODE = wholemodule;
				VALIDATE_PRODUCT = YES;
			};
			name = Release;
		};
		2C2E43532B8FBA5200593DE5 /* Debug */ = {
			isa = XCBuildConfiguration;
			buildSettings = {
				ASSETCATALOG_COMPILER_APPICON_NAME = AppIcon;
				ASSETCATALOG_COMPILER_GLOBAL_ACCENT_COLOR_NAME = AccentColor;
				CODE_SIGN_STYLE = Automatic;
				CURRENT_PROJECT_VERSION = 1;
				DEVELOPMENT_TEAM = "";
				GENERATE_INFOPLIST_FILE = YES;
				INFOPLIST_FILE = WanderWise/Info.plist;
				INFOPLIST_KEY_UIApplicationSupportsIndirectInputEvents = YES;
				INFOPLIST_KEY_UILaunchStoryboardName = LaunchScreen;
				INFOPLIST_KEY_UIMainStoryboardFile = Main;
				INFOPLIST_KEY_UISupportedInterfaceOrientations_iPad = "UIInterfaceOrientationPortrait UIInterfaceOrientationPortraitUpsideDown UIInterfaceOrientationLandscapeLeft UIInterfaceOrientationLandscapeRight";
				INFOPLIST_KEY_UISupportedInterfaceOrientations_iPhone = "UIInterfaceOrientationPortrait UIInterfaceOrientationLandscapeLeft UIInterfaceOrientationLandscapeRight";
				IPHONEOS_DEPLOYMENT_TARGET = 17.0;
				LD_RUNPATH_SEARCH_PATHS = (
					"$(inherited)",
					"@executable_path/Frameworks",
				);
				MARKETING_VERSION = 1.0;
				PRODUCT_BUNDLE_IDENTIFIER = utcs.WanderWise;
				PRODUCT_NAME = "$(TARGET_NAME)";
				SWIFT_EMIT_LOC_STRINGS = YES;
				SWIFT_VERSION = 5.0;
				TARGETED_DEVICE_FAMILY = "1,2";
			};
			name = Debug;
		};
		2C2E43542B8FBA5200593DE5 /* Release */ = {
			isa = XCBuildConfiguration;
			buildSettings = {
				ASSETCATALOG_COMPILER_APPICON_NAME = AppIcon;
				ASSETCATALOG_COMPILER_GLOBAL_ACCENT_COLOR_NAME = AccentColor;
				CODE_SIGN_STYLE = Automatic;
				CURRENT_PROJECT_VERSION = 1;
				DEVELOPMENT_TEAM = "";
				GENERATE_INFOPLIST_FILE = YES;
				INFOPLIST_FILE = WanderWise/Info.plist;
				INFOPLIST_KEY_UIApplicationSupportsIndirectInputEvents = YES;
				INFOPLIST_KEY_UILaunchStoryboardName = LaunchScreen;
				INFOPLIST_KEY_UIMainStoryboardFile = Main;
				INFOPLIST_KEY_UISupportedInterfaceOrientations_iPad = "UIInterfaceOrientationPortrait UIInterfaceOrientationPortraitUpsideDown UIInterfaceOrientationLandscapeLeft UIInterfaceOrientationLandscapeRight";
				INFOPLIST_KEY_UISupportedInterfaceOrientations_iPhone = "UIInterfaceOrientationPortrait UIInterfaceOrientationLandscapeLeft UIInterfaceOrientationLandscapeRight";
				IPHONEOS_DEPLOYMENT_TARGET = 17.0;
				LD_RUNPATH_SEARCH_PATHS = (
					"$(inherited)",
					"@executable_path/Frameworks",
				);
				MARKETING_VERSION = 1.0;
				PRODUCT_BUNDLE_IDENTIFIER = utcs.WanderWise;
				PRODUCT_NAME = "$(TARGET_NAME)";
				SWIFT_EMIT_LOC_STRINGS = YES;
				SWIFT_VERSION = 5.0;
				TARGETED_DEVICE_FAMILY = "1,2";
			};
			name = Release;
		};
/* End XCBuildConfiguration section */

/* Begin XCConfigurationList section */
		2C2E43392B8FBA5000593DE5 /* Build configuration list for PBXProject "WanderWise" */ = {
			isa = XCConfigurationList;
			buildConfigurations = (
				2C2E43502B8FBA5200593DE5 /* Debug */,
				2C2E43512B8FBA5200593DE5 /* Release */,
			);
			defaultConfigurationIsVisible = 0;
			defaultConfigurationName = Release;
		};
		2C2E43522B8FBA5200593DE5 /* Build configuration list for PBXNativeTarget "WanderWise" */ = {
			isa = XCConfigurationList;
			buildConfigurations = (
				2C2E43532B8FBA5200593DE5 /* Debug */,
				2C2E43542B8FBA5200593DE5 /* Release */,
			);
			defaultConfigurationIsVisible = 0;
			defaultConfigurationName = Release;
		};
/* End XCConfigurationList section */

/* Begin XCRemoteSwiftPackageReference section */
		2C23C35C2BBE783F00EF81F7 /* XCRemoteSwiftPackageReference "firebase-ios-sdk" */ = {
			isa = XCRemoteSwiftPackageReference;
			repositoryURL = "https://github.com/firebase/firebase-ios-sdk";
			requirement = {
				kind = upToNextMajorVersion;
				minimumVersion = 10.23.1;
			};
		};
		39422C412BC4B82500128FD7 /* XCRemoteSwiftPackageReference "ios-maps-sdk" */ = {
			isa = XCRemoteSwiftPackageReference;
			repositoryURL = "https://github.com/googlemaps/ios-maps-sdk";
			requirement = {
				kind = exactVersion;
				version = 8.4.0;
			};
		};
		39F196E22BC4CC6E00BD1ED7 /* XCRemoteSwiftPackageReference "ios-places-sdk" */ = {
			isa = XCRemoteSwiftPackageReference;
			repositoryURL = "https://github.com/googlemaps/ios-places-sdk";
			requirement = {
				kind = exactVersion;
				version = 8.5.0;
			};
		};
		3DFFA3992BC23938005ADE5D /* XCRemoteSwiftPackageReference "generative-ai-swift" */ = {
			isa = XCRemoteSwiftPackageReference;
			repositoryURL = "https://github.com/google/generative-ai-swift";
			requirement = {
				kind = upToNextMajorVersion;
				minimumVersion = 0.4.9;
			};
		};
/* End XCRemoteSwiftPackageReference section */

/* Begin XCSwiftPackageProductDependency section */
		2C23C35D2BBE783F00EF81F7 /* FirebaseAuth */ = {
			isa = XCSwiftPackageProductDependency;
			package = 2C23C35C2BBE783F00EF81F7 /* XCRemoteSwiftPackageReference "firebase-ios-sdk" */;
			productName = FirebaseAuth;
		};
		2C23C35F2BBE783F00EF81F7 /* FirebaseFirestore */ = {
			isa = XCSwiftPackageProductDependency;
			package = 2C23C35C2BBE783F00EF81F7 /* XCRemoteSwiftPackageReference "firebase-ios-sdk" */;
			productName = FirebaseFirestore;
		};
		2C23C3612BBE783F00EF81F7 /* FirebaseStorage */ = {
			isa = XCSwiftPackageProductDependency;
			package = 2C23C35C2BBE783F00EF81F7 /* XCRemoteSwiftPackageReference "firebase-ios-sdk" */;
			productName = FirebaseStorage;
		};
		39422C422BC4B82500128FD7 /* GoogleMaps */ = {
			isa = XCSwiftPackageProductDependency;
			package = 39422C412BC4B82500128FD7 /* XCRemoteSwiftPackageReference "ios-maps-sdk" */;
			productName = GoogleMaps;
		};
		39422C442BC4B82500128FD7 /* GoogleMapsBase */ = {
			isa = XCSwiftPackageProductDependency;
			package = 39422C412BC4B82500128FD7 /* XCRemoteSwiftPackageReference "ios-maps-sdk" */;
			productName = GoogleMapsBase;
		};
		39422C462BC4B82500128FD7 /* GoogleMapsCore */ = {
			isa = XCSwiftPackageProductDependency;
			package = 39422C412BC4B82500128FD7 /* XCRemoteSwiftPackageReference "ios-maps-sdk" */;
			productName = GoogleMapsCore;
		};
		39F196E32BC4CC6E00BD1ED7 /* GooglePlaces */ = {
			isa = XCSwiftPackageProductDependency;
			package = 39F196E22BC4CC6E00BD1ED7 /* XCRemoteSwiftPackageReference "ios-places-sdk" */;
			productName = GooglePlaces;
		};
		3DFFA39A2BC23939005ADE5D /* GoogleGenerativeAI */ = {
			isa = XCSwiftPackageProductDependency;
			package = 3DFFA3992BC23938005ADE5D /* XCRemoteSwiftPackageReference "generative-ai-swift" */;
			productName = GoogleGenerativeAI;
		};
/* End XCSwiftPackageProductDependency section */
	};
	rootObject = 2C2E43362B8FBA5000593DE5 /* Project object */;
}
